<?xml version="1.0" encoding="utf-8"?>
<Project ToolsVersion="4.0" xmlns="http://schemas.microsoft.com/developer/msbuild/2003">
  <ItemGroup>
    <Filter Include="Source Files">
      <UniqueIdentifier>{4FC737F1-C7A5-4376-A066-2A32D752A2FF}</UniqueIdentifier>
      <Extensions>qml;cpp;c;cc;cxx;def;odl;idl;hpj;bat;asm;asmx</Extensions>
    </Filter>
    <Filter Include="Header Files">
      <UniqueIdentifier>{93995380-89BD-4b04-88EB-625FBE52EBFB}</UniqueIdentifier>
      <Extensions>h;hh;hpp;hxx;hm;inl;inc;xsd</Extensions>
    </Filter>
    <Filter Include="Resource Files">
      <UniqueIdentifier>{67DA6AB6-F800-4c08-8B7A-83BB121AAD01}</UniqueIdentifier>
      <Extensions>qrc;rc;ico;cur;bmp;dlg;rc2;rct;bin;rgs;gif;jpg;jpeg;jpe;resx;tiff;tif;png;wav;mfcribbon-ms</Extensions>
    </Filter>
    <Filter Include="Form Files">
      <UniqueIdentifier>{99349809-55BA-4b9d-BF79-8FDBB0286EB3}</UniqueIdentifier>
      <Extensions>ui</Extensions>
    </Filter>
    <Filter Include="Translation Files">
      <UniqueIdentifier>{639EADAA-A684-42e4-A9AD-28FC9BCB8F7C}</UniqueIdentifier>
      <Extensions>ts</Extensions>
    </Filter>
  </ItemGroup>
  <ItemGroup>
    <QtRcc Include="crossdownloader.qrc">
      <Filter>Resource Files</Filter>
    </QtRcc>
    <QtUic Include="crossdownloader.ui">
      <Filter>Form Files</Filter>
    </QtUic>
    <QtMoc Include="crossdownloader.h">
      <Filter>Header Files</Filter>
    </QtMoc>
    <ClCompile Include="crossdownloader.cpp">
      <Filter>Source Files</Filter>
    </ClCompile>
  </ItemGroup>
  <ItemGroup>
    <ClCompile Include="main.cpp">
      <Filter>Source Files</Filter>
    </ClCompile>
    <ClCompile Include="CApplication.cpp">
      <Filter>Source Files</Filter>
    </ClCompile>
    <ClCompile Include="ViewManager.cpp">
      <Filter>Source Files</Filter>
    </ClCompile>
    <ClCompile Include="WebView.cpp">
      <Filter>Source Files</Filter>
    </ClCompile>
    <ClCompile Include="requestinterceptor.cpp">
      <Filter>Source Files</Filter>
    </ClCompile>
    <ClCompile Include="networkaccessmanager.cpp">
      <Filter>Source Files</Filter>
    </ClCompile>
    <ClCompile Include="cookiejar.cpp">
      <Filter>Source Files</Filter>
    </ClCompile>
    <ClCompile Include="WebObject.cpp">
      <Filter>Source Files</Filter>
    </ClCompile>
    <ClCompile Include="Utils.cpp">
      <Filter>Source Files</Filter>
    </ClCompile>
    <ClCompile Include="stdafx.cpp">
      <Filter>Source Files</Filter>
    </ClCompile>
    <ClCompile Include="DownloadManager.cpp">
      <Filter>Source Files</Filter>
    </ClCompile>
    <ClCompile Include="WebSocketServer.cpp">
      <Filter>Source Files</Filter>
    </ClCompile>
    <ClCompile Include="Dbmanager.cpp">
      <Filter>Source Files</Filter>
    </ClCompile>
    <ClCompile Include="sql.cpp">
      <Filter>Source Files</Filter>
    </ClCompile>
    <ClCompile Include="ApiManager.cpp">
      <Filter>Source Files</Filter>
    </ClCompile>
    <ClCompile Include="AccountManager.cpp">
      <Filter>Source Files</Filter>
    </ClCompile>
    <ClCompile Include="ResourceTableWidget.cpp">
      <Filter>Source Files</Filter>
    </ClCompile>
    <ClCompile Include="DownloadHandler.cpp">
      <Filter>Source Files</Filter>
    </ClCompile>
    <ClCompile Include="UpdateManager.cpp">
      <Filter>Source Files</Filter>
    </ClCompile>
    <ClCompile Include="Setting.cpp">
      <Filter>Source Files</Filter>
    </ClCompile>
    <ClCompile Include="TabWidget.cpp">
      <Filter>Source Files</Filter>
    </ClCompile>
    <ClCompile Include="WebWidget.cpp">
      <Filter>Source Files</Filter>
    </ClCompile>
    <ClCompile Include="Overrides.cpp">
      <Filter>Source Files</Filter>
    </ClCompile>
    <ClCompile Include="SiteManager.cpp">
      <Filter>Source Files</Filter>
    </ClCompile>
  </ItemGroup>
  <ItemGroup>
    <QtMoc Include="CApplication.h">
      <Filter>Header Files</Filter>
    </QtMoc>
    <QtMoc Include="WebView.h">
      <Filter>Header Files</Filter>
    </QtMoc>
    <QtMoc Include="requestinterceptor.h">
      <Filter>Header Files</Filter>
    </QtMoc>
    <QtMoc Include="networkaccessmanager.h">
      <Filter>Header Files</Filter>
    </QtMoc>
    <QtMoc Include="cookiejar.h">
      <Filter>Header Files</Filter>
    </QtMoc>
    <QtMoc Include="WebObject.h">
      <Filter>Header Files</Filter>
    </QtMoc>
    <QtMoc Include="DownloadManager.h">
      <Filter>Header Files</Filter>
    </QtMoc>
    <QtMoc Include="WebSocketServer.h">
      <Filter>Header Files</Filter>
    </QtMoc>
    <QtMoc Include="Dbmanager.h">
      <Filter>Header Files</Filter>
    </QtMoc>
    <QtMoc Include="ApiManager.h">
      <Filter>Header Files</Filter>
    </QtMoc>
    <QtMoc Include="AccountManager.h">
      <Filter>Header Files</Filter>
    </QtMoc>
    <QtMoc Include="ResourceTableWidget.h">
      <Filter>Header Files</Filter>
    </QtMoc>
    <QtMoc Include="DownloadHandler.h">
      <Filter>Header Files</Filter>
    </QtMoc>
    <QtMoc Include="UpdateManager.h">
      <Filter>Header Files</Filter>
    </QtMoc>
    <QtMoc Include="Setting.h">
      <Filter>Header Files</Filter>
    </QtMoc>
    <QtMoc Include="TabWidget.h">
      <Filter>Header Files</Filter>
    </QtMoc>
    <QtMoc Include="WebWidget.h">
      <Filter>Header Files</Filter>
    </QtMoc>
    <QtMoc Include="Overrides.h">
      <Filter>Header Files</Filter>
    </QtMoc>
    <QtMoc Include="SiteManager.h">
      <Filter>Header Files</Filter>
    </QtMoc>
  </ItemGroup>
  <ItemGroup>
    <ClInclude Include="ViewManager.h">
      <Filter>Header Files</Filter>
    </ClInclude>
    <ClInclude Include="Utils.h">
      <Filter>Header Files</Filter>
    </ClInclude>
    <ClInclude Include="stdafx.h">
      <Filter>Header Files</Filter>
    </ClInclude>
    <ClInclude Include="sql.h">
      <Filter>Header Files</Filter>
    </ClInclude>
    <ClInclude Include="resource.h">
      <Filter>Header Files</Filter>
    </ClInclude>
    <ClInclude Include="type.h">
      <Filter>Header Files</Filter>
    </ClInclude>
  </ItemGroup>
  <ItemGroup>
    <QtUic Include="downloader.ui">
      <Filter>Form Files</Filter>
    </QtUic>
    <QtUic Include="inputDialog.ui">
      <Filter>Form Files</Filter>
    </QtUic>
    <QtUic Include="resourceDialog.ui">
      <Filter>Form Files</Filter>
    </QtUic>
    <QtUic Include="setting.ui">
      <Filter>Form Files</Filter>
    </QtUic>
    <QtUic Include="commentWidget.ui">
      <Filter>Form Files</Filter>
    </QtUic>
  </ItemGroup>
  <ItemGroup>
    <ResourceCompile Include="CrossDownloader.rc">
      <Filter>Resource Files</Filter>
    </ResourceCompile>
  </ItemGroup>
  <ItemGroup>
    <None Include="cpp.hint" />
  </ItemGroup>
</Project>